// !$*UTF8*$!
{
	archiveVersion = 1;
	classes = {
	};
	objectVersion = 56;
	objects = {

/* Begin PBXBuildFile section */
		23048FD72C252F6F00768A06 /* ImageLoaderViewModel.swift in Sources */ = {isa = PBXBuildFile; fileRef = 23048FD52C252F6F00768A06 /* ImageLoaderViewModel.swift */; };
		23048FDD2C252F8300768A06 /* NetworkMonitor.swift in Sources */ = {isa = PBXBuildFile; fileRef = 23048FD92C252F8300768A06 /* NetworkMonitor.swift */; };
		23048FDE2C252F8300768A06 /* NetworkOperationPerformer.swift in Sources */ = {isa = PBXBuildFile; fileRef = 23048FDA2C252F8300768A06 /* NetworkOperationPerformer.swift */; };
		23048FDF2C252F8300768A06 /* NetworkService.swift in Sources */ = {isa = PBXBuildFile; fileRef = 23048FDB2C252F8300768A06 /* NetworkService.swift */; };
		23048FE12C25305700768A06 /* Coding Exercise.pdf in Resources */ = {isa = PBXBuildFile; fileRef = 23048FE02C25305700768A06 /* Coding Exercise.pdf */; };
		AE4CB2362C22199F00EC3DE0 /* NetworkOperationPerformerTestAssessmentApp.swift in Sources */ = {isa = PBXBuildFile; fileRef = AE4CB2352C22199F00EC3DE0 /* NetworkOperationPerformerTestAssessmentApp.swift */; };
		AE4CB2382C22199F00EC3DE0 /* ContentView.swift in Sources */ = {isa = PBXBuildFile; fileRef = AE4CB2372C22199F00EC3DE0 /* ContentView.swift */; };
		AE4CB23A2C2219A100EC3DE0 /* Assets.xcassets in Resources */ = {isa = PBXBuildFile; fileRef = AE4CB2392C2219A100EC3DE0 /* Assets.xcassets */; };
		AE4CB23D2C2219A100EC3DE0 /* Preview Assets.xcassets in Resources */ = {isa = PBXBuildFile; fileRef = AE4CB23C2C2219A100EC3DE0 /* Preview Assets.xcassets */; };
		AE8895432C2582880028DC10 /* ResultView.swift in Sources */ = {isa = PBXBuildFile; fileRef = AE8895422C2582880028DC10 /* ResultView.swift */; };
/* End PBXBuildFile section */

/* Begin PBXFileReference section */
		23048FD52C252F6F00768A06 /* ImageLoaderViewModel.swift */ = {isa = PBXFileReference; fileEncoding = 4; lastKnownFileType = sourcecode.swift; path = ImageLoaderViewModel.swift; sourceTree = "<group>"; };
		23048FD92C252F8300768A06 /* NetworkMonitor.swift */ = {isa = PBXFileReference; fileEncoding = 4; lastKnownFileType = sourcecode.swift; path = NetworkMonitor.swift; sourceTree = "<group>"; };
		23048FDA2C252F8300768A06 /* NetworkOperationPerformer.swift */ = {isa = PBXFileReference; fileEncoding = 4; lastKnownFileType = sourcecode.swift; path = NetworkOperationPerformer.swift; sourceTree = "<group>"; };
		23048FDB2C252F8300768A06 /* NetworkService.swift */ = {isa = PBXFileReference; fileEncoding = 4; lastKnownFileType = sourcecode.swift; path = NetworkService.swift; sourceTree = "<group>"; };
		23048FE02C25305700768A06 /* Coding Exercise.pdf */ = {isa = PBXFileReference; lastKnownFileType = image.pdf; path = "Coding Exercise.pdf"; sourceTree = "<group>"; };
		AE4CB2322C22199F00EC3DE0 /* NetworkOperationPerformerTestAssessment.app */ = {isa = PBXFileReference; explicitFileType = wrapper.application; includeInIndex = 0; path = NetworkOperationPerformerTestAssessment.app; sourceTree = BUILT_PRODUCTS_DIR; };
		AE4CB2352C22199F00EC3DE0 /* NetworkOperationPerformerTestAssessmentApp.swift */ = {isa = PBXFileReference; lastKnownFileType = sourcecode.swift; path = NetworkOperationPerformerTestAssessmentApp.swift; sourceTree = "<group>"; };
		AE4CB2372C22199F00EC3DE0 /* ContentView.swift */ = {isa = PBXFileReference; lastKnownFileType = sourcecode.swift; path = ContentView.swift; sourceTree = "<group>"; };
		AE4CB2392C2219A100EC3DE0 /* Assets.xcassets */ = {isa = PBXFileReference; lastKnownFileType = folder.assetcatalog; path = Assets.xcassets; sourceTree = "<group>"; };
		AE4CB23C2C2219A100EC3DE0 /* Preview Assets.xcassets */ = {isa = PBXFileReference; lastKnownFileType = folder.assetcatalog; path = "Preview Assets.xcassets"; sourceTree = "<group>"; };
		AE8895422C2582880028DC10 /* ResultView.swift */ = {isa = PBXFileReference; lastKnownFileType = sourcecode.swift; path = ResultView.swift; sourceTree = "<group>"; };
/* End PBXFileReference section */

/* Begin PBXFrameworksBuildPhase section */
		AE4CB22F2C22199F00EC3DE0 /* Frameworks */ = {
			isa = PBXFrameworksBuildPhase;
			buildActionMask = 2147483647;
			files = (
			);
			runOnlyForDeploymentPostprocessing = 0;
		};
/* End PBXFrameworksBuildPhase section */

/* Begin PBXGroup section */
		23048FDC2C252F8300768A06 /* NetworkLayer */ = {
			isa = PBXGroup;
			children = (
				23048FD92C252F8300768A06 /* NetworkMonitor.swift */,
				23048FDA2C252F8300768A06 /* NetworkOperationPerformer.swift */,
				23048FDB2C252F8300768A06 /* NetworkService.swift */,
			);
			path = NetworkLayer;
			sourceTree = "<group>";
		};
		AE4CB2292C22199F00EC3DE0 = {
			isa = PBXGroup;
			children = (
				23048FE02C25305700768A06 /* Coding Exercise.pdf */,
				AE4CB2342C22199F00EC3DE0 /* NetworkOperationPerformerTestAssessment */,
				AE4CB2332C22199F00EC3DE0 /* Products */,
			);
			sourceTree = "<group>";
		};
		AE4CB2332C22199F00EC3DE0 /* Products */ = {
			isa = PBXGroup;
			children = (
				AE4CB2322C22199F00EC3DE0 /* NetworkOperationPerformerTestAssessment.app */,
			);
			name = Products;
			sourceTree = "<group>";
		};
		AE4CB2342C22199F00EC3DE0 /* NetworkOperationPerformerTestAssessment */ = {
			isa = PBXGroup;
			children = (
				AE8895412C2578000028DC10 /* Views */,
				23048FDC2C252F8300768A06 /* NetworkLayer */,
				AE4CB2352C22199F00EC3DE0 /* NetworkOperationPerformerTestAssessmentApp.swift */,
				23048FD52C252F6F00768A06 /* ImageLoaderViewModel.swift */,
				AE4CB2392C2219A100EC3DE0 /* Assets.xcassets */,
				AE4CB23B2C2219A100EC3DE0 /* Preview Content */,
			);
			path = NetworkOperationPerformerTestAssessment;
			sourceTree = "<group>";
		};
		AE4CB23B2C2219A100EC3DE0 /* Preview Content */ = {
			isa = PBXGroup;
			children = (
				AE4CB23C2C2219A100EC3DE0 /* Preview Assets.xcassets */,
			);
			path = "Preview Content";
			sourceTree = "<group>";
		};
		AE8895412C2578000028DC10 /* Views */ = {
			isa = PBXGroup;
			children = (
				AE4CB2372C22199F00EC3DE0 /* ContentView.swift */,
				AE8895422C2582880028DC10 /* ResultView.swift */,
			);
			path = Views;
			sourceTree = "<group>";
		};
/* End PBXGroup section */

/* Begin PBXNativeTarget section */
		AE4CB2312C22199F00EC3DE0 /* NetworkOperationPerformerTestAssessment */ = {
			isa = PBXNativeTarget;
			buildConfigurationList = AE4CB2402C2219A100EC3DE0 /* Build configuration list for PBXNativeTarget "NetworkOperationPerformerTestAssessment" */;
			buildPhases = (
				AE4CB22E2C22199F00EC3DE0 /* Sources */,
				AE4CB22F2C22199F00EC3DE0 /* Frameworks */,
				AE4CB2302C22199F00EC3DE0 /* Resources */,
			);
			buildRules = (
			);
			dependencies = (
			);
			name = NetworkOperationPerformerTestAssessment;
			productName = NetworkOperationPerformerTestAssessment;
			productReference = AE4CB2322C22199F00EC3DE0 /* NetworkOperationPerformerTestAssessment.app */;
			productType = "com.apple.product-type.application";
		};
/* End PBXNativeTarget section */

/* Begin PBXProject section */
		AE4CB22A2C22199F00EC3DE0 /* Project object */ = {
			isa = PBXProject;
			attributes = {
				BuildIndependentTargetsInParallel = 1;
				LastSwiftUpdateCheck = 1510;
				LastUpgradeCheck = 1510;
				TargetAttributes = {
					AE4CB2312C22199F00EC3DE0 = {
						CreatedOnToolsVersion = 15.1;
					};
				};
			};
			buildConfigurationList = AE4CB22D2C22199F00EC3DE0 /* Build configuration list for PBXProject "NetworkOperationPerformerTestAssessment" */;
			compatibilityVersion = "Xcode 14.0";
			developmentRegion = en;
			hasScannedForEncodings = 0;
			knownRegions = (
				en,
				Base,
			);
			mainGroup = AE4CB2292C22199F00EC3DE0;
			productRefGroup = AE4CB2332C22199F00EC3DE0 /* Products */;
			projectDirPath = "";
			projectRoot = "";
			targets = (
				AE4CB2312C22199F00EC3DE0 /* NetworkOperationPerformerTestAssessment */,
			);
		};
/* End PBXProject section */

/* Begin PBXResourcesBuildPhase section */
		AE4CB2302C22199F00EC3DE0 /* Resources */ = {
			isa = PBXResourcesBuildPhase;
			buildActionMask = 2147483647;
			files = (
				23048FE12C25305700768A06 /* Coding Exercise.pdf in Resources */,
				AE4CB23D2C2219A100EC3DE0 /* Preview Assets.xcassets in Resources */,
				AE4CB23A2C2219A100EC3DE0 /* Assets.xcassets in Resources */,
			);
			runOnlyForDeploymentPostprocessing = 0;
		};
/* End PBXResourcesBuildPhase section */

/* Begin PBXSourcesBuildPhase section */
		AE4CB22E2C22199F00EC3DE0 /* Sources */ = {
			isa = PBXSourcesBuildPhase;
			buildActionMask = 2147483647;
			files = (
				23048FD72C252F6F00768A06 /* ImageLoaderViewModel.swift in Sources */,
				23048FDD2C252F8300768A06 /* NetworkMonitor.swift in Sources */,
				AE4CB2382C22199F00EC3DE0 /* ContentView.swift in Sources */,
				23048FDE2C252F8300768A06 /* NetworkOperationPerformer.swift in Sources */,
				23048FDF2C252F8300768A06 /* NetworkService.swift in Sources */,
				AE8895432C2582880028DC10 /* ResultView.swift in Sources */,
				AE4CB2362C22199F00EC3DE0 /* NetworkOperationPerformerTestAssessmentApp.swift in Sources */,
			);
			runOnlyForDeploymentPostprocessing = 0;
		};
/* End PBXSourcesBuildPhase section */

/* Begin XCBuildConfiguration section */
		AE4CB23E2C2219A100EC3DE0 /* Debug */ = {
			isa = XCBuildConfiguration;
			buildSettings = {
				ALWAYS_SEARCH_USER_PATHS = NO;
				ASSETCATALOG_COMPILER_GENERATE_SWIFT_ASSET_SYMBOL_EXTENSIONS = YES;
				CLANG_ANALYZER_NONNULL = YES;
				CLANG_ANALYZER_NUMBER_OBJECT_CONVERSION = YES_AGGRESSIVE;
				CLANG_CXX_LANGUAGE_STANDARD = "gnu++20";
				CLANG_ENABLE_MODULES = YES;
				CLANG_ENABLE_OBJC_ARC = YES;
				CLANG_ENABLE_OBJC_WEAK = YES;
				CLANG_WARN_BLOCK_CAPTURE_AUTORELEASING = YES;
				CLANG_WARN_BOOL_CONVERSION = YES;
				CLANG_WARN_COMMA = YES;
				CLANG_WARN_CONSTANT_CONVERSION = YES;
				CLANG_WARN_DEPRECATED_OBJC_IMPLEMENTATIONS = YES;
				CLANG_WARN_DIRECT_OBJC_ISA_USAGE = YES_ERROR;
				CLANG_WARN_DOCUMENTATION_COMMENTS = YES;
				CLANG_WARN_EMPTY_BODY = YES;
				CLANG_WARN_ENUM_CONVERSION = YES;
				CLANG_WARN_INFINITE_RECURSION = YES;
				CLANG_WARN_INT_CONVERSION = YES;
				CLANG_WARN_NON_LITERAL_NULL_CONVERSION = YES;
				CLANG_WARN_OBJC_IMPLICIT_RETAIN_SELF = YES;
				CLANG_WARN_OBJC_LITERAL_CONVERSION = YES;
				CLANG_WARN_OBJC_ROOT_CLASS = YES_ERROR;
				CLANG_WARN_QUOTED_INCLUDE_IN_FRAMEWORK_HEADER = YES;
				CLANG_WARN_RANGE_LOOP_ANALYSIS = YES;
				CLANG_WARN_STRICT_PROTOTYPES = YES;
				CLANG_WARN_SUSPICIOUS_MOVE = YES;
				CLANG_WARN_UNGUARDED_AVAILABILITY = YES_AGGRESSIVE;
				CLANG_WARN_UNREACHABLE_CODE = YES;
				CLANG_WARN__DUPLICATE_METHOD_MATCH = YES;
				COPY_PHASE_STRIP = NO;
				DEBUG_INFORMATION_FORMAT = dwarf;
				ENABLE_STRICT_OBJC_MSGSEND = YES;
				ENABLE_TESTABILITY = YES;
				ENABLE_USER_SCRIPT_SANDBOXING = YES;
				GCC_C_LANGUAGE_STANDARD = gnu17;
				GCC_DYNAMIC_NO_PIC = NO;
				GCC_NO_COMMON_BLOCKS = YES;
				GCC_OPTIMIZATION_LEVEL = 0;
				GCC_PREPROCESSOR_DEFINITIONS = (
					"DEBUG=1",
					"$(inherited)",
				);
				GCC_WARN_64_TO_32_BIT_CONVERSION = YES;
				GCC_WARN_ABOUT_RETURN_TYPE = YES_ERROR;
				GCC_WARN_UNDECLARED_SELECTOR = YES;
				GCC_WARN_UNINITIALIZED_AUTOS = YES_AGGRESSIVE;
				GCC_WARN_UNUSED_FUNCTION = YES;
				GCC_WARN_UNUSED_VARIABLE = YES;
				IPHONEOS_DEPLOYMENT_TARGET = 17.2;
				LOCALIZATION_PREFERS_STRING_CATALOGS = YES;
				MTL_ENABLE_DEBUG_INFO = INCLUDE_SOURCE;
				MTL_FAST_MATH = YES;
				ONLY_ACTIVE_ARCH = YES;
				SDKROOT = iphoneos;
				SWIFT_ACTIVE_COMPILATION_CONDITIONS = "DEBUG $(inherited)";
				SWIFT_OPTIMIZATION_LEVEL = "-Onone";
			};
			name = Debug;
		};
		AE4CB23F2C2219A100EC3DE0 /* Release */ = {
			isa = XCBuildConfiguration;
			buildSettings = {
				ALWAYS_SEARCH_USER_PATHS = NO;
				ASSETCATALOG_COMPILER_GENERATE_SWIFT_ASSET_SYMBOL_EXTENSIONS = YES;
				CLANG_ANALYZER_NONNULL = YES;
				CLANG_ANALYZER_NUMBER_OBJECT_CONVERSION = YES_AGGRESSIVE;
				CLANG_CXX_LANGUAGE_STANDARD = "gnu++20";
				CLANG_ENABLE_MODULES = YES;
				CLANG_ENABLE_OBJC_ARC = YES;
				CLANG_ENABLE_OBJC_WEAK = YES;
				CLANG_WARN_BLOCK_CAPTURE_AUTORELEASING = YES;
				CLANG_WARN_BOOL_CONVERSION = YES;
				CLANG_WARN_COMMA = YES;
				CLANG_WARN_CONSTANT_CONVERSION = YES;
				CLANG_WARN_DEPRECATED_OBJC_IMPLEMENTATIONS = YES;
				CLANG_WARN_DIRECT_OBJC_ISA_USAGE = YES_ERROR;
				CLANG_WARN_DOCUMENTATION_COMMENTS = YES;
				CLANG_WARN_EMPTY_BODY = YES;
				CLANG_WARN_ENUM_CONVERSION = YES;
				CLANG_WARN_INFINITE_RECURSION = YES;
				CLANG_WARN_INT_CONVERSION = YES;
				CLANG_WARN_NON_LITERAL_NULL_CONVERSION = YES;
				CLANG_WARN_OBJC_IMPLICIT_RETAIN_SELF = YES;
				CLANG_WARN_OBJC_LITERAL_CONVERSION = YES;
				CLANG_WARN_OBJC_ROOT_CLASS = YES_ERROR;
				CLANG_WARN_QUOTED_INCLUDE_IN_FRAMEWORK_HEADER = YES;
				CLANG_WARN_RANGE_LOOP_ANALYSIS = YES;
				CLANG_WARN_STRICT_PROTOTYPES = YES;
				CLANG_WARN_SUSPICIOUS_MOVE = YES;
				CLANG_WARN_UNGUARDED_AVAILABILITY = YES_AGGRESSIVE;
				CLANG_WARN_UNREACHABLE_CODE = YES;
				CLANG_WARN__DUPLICATE_METHOD_MATCH = YES;
				COPY_PHASE_STRIP = NO;
				DEBUG_INFORMATION_FORMAT = "dwarf-with-dsym";
				ENABLE_NS_ASSERTIONS = NO;
				ENABLE_STRICT_OBJC_MSGSEND = YES;
				ENABLE_USER_SCRIPT_SANDBOXING = YES;
				GCC_C_LANGUAGE_STANDARD = gnu17;
				GCC_NO_COMMON_BLOCKS = YES;
				GCC_WARN_64_TO_32_BIT_CONVERSION = YES;
				GCC_WARN_ABOUT_RETURN_TYPE = YES_ERROR;
				GCC_WARN_UNDECLARED_SELECTOR = YES;
				GCC_WARN_UNINITIALIZED_AUTOS = YES_AGGRESSIVE;
				GCC_WARN_UNUSED_FUNCTION = YES;
				GCC_WARN_UNUSED_VARIABLE = YES;
				IPHONEOS_DEPLOYMENT_TARGET = 17.2;
				LOCALIZATION_PREFERS_STRING_CATALOGS = YES;
				MTL_ENABLE_DEBUG_INFO = NO;
				MTL_FAST_MATH = YES;
				SDKROOT = iphoneos;
				SWIFT_COMPILATION_MODE = wholemodule;
				VALIDATE_PRODUCT = YES;
			};
			name = Release;
		};
		AE4CB2412C2219A100EC3DE0 /* Debug */ = {
			isa = XCBuildConfiguration;
			buildSettings = {
				ASSETCATALOG_COMPILER_APPICON_NAME = AppIcon;
				ASSETCATALOG_COMPILER_GLOBAL_ACCENT_COLOR_NAME = AccentColor;
				CODE_SIGN_IDENTITY = "Apple Development";
				CODE_SIGN_STYLE = Automatic;
				CURRENT_PROJECT_VERSION = 1;
				DEVELOPMENT_ASSET_PATHS = "\"NetworkOperationPerformerTestAssessment/Preview Content\"";
				DEVELOPMENT_TEAM = 37QDW9VYR6;
				ENABLE_PREVIEWS = YES;
				GENERATE_INFOPLIST_FILE = YES;
				INFOPLIST_KEY_UIApplicationSceneManifest_Generation = YES;
				INFOPLIST_KEY_UIApplicationSupportsIndirectInputEvents = YES;
				INFOPLIST_KEY_UILaunchScreen_Generation = YES;
				INFOPLIST_KEY_UISupportedInterfaceOrientations_iPad = "UIInterfaceOrientationPortrait UIInterfaceOrientationPortraitUpsideDown UIInterfaceOrientationLandscapeLeft UIInterfaceOrientationLandscapeRight";
				INFOPLIST_KEY_UISupportedInterfaceOrientations_iPhone = "UIInterfaceOrientationPortrait UIInterfaceOrientationLandscapeLeft UIInterfaceOrientationLandscapeRight";
				LD_RUNPATH_SEARCH_PATHS = (
					"$(inherited)",
					"@executable_path/Frameworks",
				);
				MARKETING_VERSION = 1.0;
				PRODUCT_BUNDLE_IDENTIFIER = UnknownID.NetworkOperationPerformerTestAssessment;
				PRODUCT_NAME = "$(TARGET_NAME)";
				PROVISIONING_PROFILE_SPECIFIER = "";
				SWIFT_EMIT_LOC_STRINGS = YES;
				SWIFT_STRICT_CONCURRENCY = complete;
				SWIFT_VERSION = 5.0;
				TARGETED_DEVICE_FAMILY = "1,2";
			};
			name = Debug;
		};
		AE4CB2422C2219A100EC3DE0 /* Release */ = {
			isa = XCBuildConfiguration;
			buildSettings = {
				ASSETCATALOG_COMPILER_APPICON_NAME = AppIcon;
				ASSETCATALOG_COMPILER_GLOBAL_ACCENT_COLOR_NAME = AccentColor;
				CODE_SIGN_IDENTITY = "Apple Development";
				CODE_SIGN_STYLE = Automatic;
				CURRENT_PROJECT_VERSION = 1;
				DEVELOPMENT_ASSET_PATHS = "\"NetworkOperationPerformerTestAssessment/Preview Content\"";
				DEVELOPMENT_TEAM = 37QDW9VYR6;
				ENABLE_PREVIEWS = YES;
				GENERATE_INFOPLIST_FILE = YES;
				INFOPLIST_KEY_UIApplicationSceneManifest_Generation = YES;
				INFOPLIST_KEY_UIApplicationSupportsIndirectInputEvents = YES;
				INFOPLIST_KEY_UILaunchScreen_Generation = YES;
				INFOPLIST_KEY_UISupportedInterfaceOrientations_iPad = "UIInterfaceOrientationPortrait UIInterfaceOrientationPortraitUpsideDown UIInterfaceOrientationLandscapeLeft UIInterfaceOrientationLandscapeRight";
				INFOPLIST_KEY_UISupportedInterfaceOrientations_iPhone = "UIInterfaceOrientationPortrait UIInterfaceOrientationLandscapeLeft UIInterfaceOrientationLandscapeRight";
				LD_RUNPATH_SEARCH_PATHS = (
					"$(inherited)",
					"@executable_path/Frameworks",
				);
				MARKETING_VERSION = 1.0;
				PRODUCT_BUNDLE_IDENTIFIER = UnknownID.NetworkOperationPerformerTestAssessment;
				PRODUCT_NAME = "$(TARGET_NAME)";
				PROVISIONING_PROFILE_SPECIFIER = "";
				SWIFT_EMIT_LOC_STRINGS = YES;
				SWIFT_STRICT_CONCURRENCY = complete;
				SWIFT_VERSION = 5.0;
				TARGETED_DEVICE_FAMILY = "1,2";
			};
			name = Release;
		};
/* End XCBuildConfiguration section */

/* Begin XCConfigurationList section */
		AE4CB22D2C22199F00EC3DE0 /* Build configuration list for PBXProject "NetworkOperationPerformerTestAssessment" */ = {
			isa = XCConfigurationList;
			buildConfigurations = (
				AE4CB23E2C2219A100EC3DE0 /* Debug */,
				AE4CB23F2C2219A100EC3DE0 /* Release */,
			);
			defaultConfigurationIsVisible = 0;
			defaultConfigurationName = Release;
		};
		AE4CB2402C2219A100EC3DE0 /* Build configuration list for PBXNativeTarget "NetworkOperationPerformerTestAssessment" */ = {
			isa = XCConfigurationList;
			buildConfigurations = (
				AE4CB2412C2219A100EC3DE0 /* Debug */,
				AE4CB2422C2219A100EC3DE0 /* Release */,
			);
			defaultConfigurationIsVisible = 0;
			defaultConfigurationName = Release;
		};
/* End XCConfigurationList section */
	};
	rootObject = AE4CB22A2C22199F00EC3DE0 /* Project object */;
}
